
Microsoft Visual Studio Solution File, Format Version 12.00
# Visual Studio Express 2012 for Windows Desktop
Project("{FAE04EC0-301F-11D3-BF4B-00C04F79EFBC}") = "FLTDataLib", "..\FLTDataLib\FLTDataLib.csproj", "{4174D244-965A-4F70-838F-7185063F1335}"
EndProject
Project("{FAE04EC0-301F-11D3-BF4B-00C04F79EFBC}") = "FLTTopoContour", "FLTTopoContour\FLTTopoContour.csproj", "{DF18B93A-27A5-412B-A39F-5C1C56087BFB}"
EndProject
Project("{FAE04EC0-301F-11D3-BF4B-00C04F79EFBC}") = "FLTTopoVSlice", "FLTTopoVSlice\FLTTopoVSlice.csproj", "{EAF2D648-6668-4DDF-B6C3-026C76AABD3D}"
	ProjectSection(ProjectDependencies) = postProject
		{4174D244-965A-4F70-838F-7185063F1335} = {4174D244-965A-4F70-838F-7185063F1335}
	EndProjectSection
EndProject
Global
	GlobalSection(SolutionConfigurationPlatforms) = preSolution
		Debug|Any CPU = Debug|Any CPU
		Release|Any CPU = Release|Any CPU
	EndGlobalSection
	GlobalSection(ProjectConfigurationPlatforms) = postSolution
		{4174D244-965A-4F70-838F-7185063F1335}.Debug|Any CPU.ActiveCfg = Debug|Any CPU
		{4174D244-965A-4F70-838F-7185063F1335}.Debug|Any CPU.Build.0 = Debug|Any CPU
		{4174D244-965A-4F70-838F-7185063F1335}.Release|Any CPU.ActiveCfg = Release|Any CPU
		{4174D244-965A-4F70-838F-7185063F1335}.Release|Any CPU.Build.0 = Release|Any CPU
		{DF18B93A-27A5-412B-A39F-5C1C56087BFB}.Debug|Any CPU.ActiveCfg = Debug|Any CPU
		{DF18B93A-27A5-412B-A39F-5C1C56087BFB}.Debug|Any CPU.Build.0 = Debug|Any CPU
		{DF18B93A-27A5-412B-A39F-5C1C56087BFB}.Release|Any CPU.ActiveCfg = Release|Any CPU
		{DF18B93A-27A5-412B-A39F-5C1C56087BFB}.Release|Any CPU.Build.0 = Release|Any CPU
		{EAF2D648-6668-4DDF-B6C3-026C76AABD3D}.Debug|Any CPU.ActiveCfg = Debug|Any CPU
		{EAF2D648-6668-4DDF-B6C3-026C76AABD3D}.Debug|Any CPU.Build.0 = Debug|Any CPU
		{EAF2D648-6668-4DDF-B6C3-026C76AABD3D}.Release|Any CPU.ActiveCfg = Release|Any CPU
		{EAF2D648-6668-4DDF-B6C3-026C76AABD3D}.Release|Any CPU.Build.0 = Release|Any CPU
	EndGlobalSection
	GlobalSection(SolutionProperties) = preSolution
		HideSolutionNode = FALSE
	EndGlobalSection
EndGlobal
